// !$*UTF8*$!
{
	archiveVersion = 1;
	classes = {
	};
	objectVersion = 46;
	objects = {
/* Begin PBXBuildFile section */
		0207DA581B56EA530066E2B4 /* Images.xcassets in Resources */ = {isa = PBXBuildFile; fileRef = 0207DA571B56EA530066E2B4 /* Images.xcassets */; };
		1D3623260D0F684500981E51 /* AppDelegate.m in Sources */ = {isa = PBXBuildFile; fileRef = 1D3623250D0F684500981E51 /* AppDelegate.m */; };
		1D60589B0D05DD56006BFB54 /* main.m in Sources */ = {isa = PBXBuildFile; fileRef = 29B97316FDCFA39411CA2CEA /* main.m */; };
		301BF552109A68D80062928A /* libCordova.a in Frameworks */ = {isa = PBXBuildFile; fileRef = 301BF535109A57CC0062928A /* libCordova.a */; };
		302D95F114D2391D003F00A1 /* MainViewController.m in Sources */ = {isa = PBXBuildFile; fileRef = 302D95EF14D2391D003F00A1 /* MainViewController.m */; };
		302D95F214D2391D003F00A1 /* MainViewController.xib in Resources */ = {isa = PBXBuildFile; fileRef = 302D95F014D2391D003F00A1 /* MainViewController.xib */; };
		3047A5121AB8059700498E2A /* build-debug.xcconfig in Resources */ = {isa = PBXBuildFile; fileRef = 3047A50F1AB8059700498E2A /* build-debug.xcconfig */; };
		3047A5131AB8059700498E2A /* build-release.xcconfig in Resources */ = {isa = PBXBuildFile; fileRef = 3047A5101AB8059700498E2A /* build-release.xcconfig */; };
		3047A5141AB8059700498E2A /* build.xcconfig in Resources */ = {isa = PBXBuildFile; fileRef = 3047A5111AB8059700498E2A /* build.xcconfig */; };
		6AFF5BF91D6E424B00AB3073 /* CDVLaunchScreen.storyboard in Resources */ = {isa = PBXBuildFile; fileRef = 6AFF5BF81D6E424B00AB3073 /* CDVLaunchScreen.storyboard */; };
		D3FAB1163F2E49FEB1854D40 /* CDVFile.m in Sources */ = {isa = PBXBuildFile; fileRef = 0090A63CC8864FB8BD7727B3 /* CDVFile.m */; };
		BFB92828CD3C48CEB114C7C4 /* CDVLocalFilesystem.m in Sources */ = {isa = PBXBuildFile; fileRef = EC2604287B4D449184A5796A /* CDVLocalFilesystem.m */; };
		0EDAF9AB5A96441BB053A511 /* CDVAssetLibraryFilesystem.m in Sources */ = {isa = PBXBuildFile; fileRef = 866DF8B12E9C4394A0968FF2 /* CDVAssetLibraryFilesystem.m */; };
		77A0A821946F4C4FB7D18766 /* CordovaHttpPlugin.m in Sources */ = {isa = PBXBuildFile; fileRef = 72DCD6B866E44174ADDD6906 /* CordovaHttpPlugin.m */; };
		430FA79EDF514853A67319CD /* TextResponseSerializer.m in Sources */ = {isa = PBXBuildFile; fileRef = 8927AB8E4AE84DA4A7DCF81A /* TextResponseSerializer.m */; };
		AD654BAFC2A04F97986A82E8 /* TextRequestSerializer.m in Sources */ = {isa = PBXBuildFile; fileRef = 332D5741AD494F36BF8288C7 /* TextRequestSerializer.m */; };
		96796CFF30C141B38440AA91 /* AFHTTPSessionManager.m in Sources */ = {isa = PBXBuildFile; fileRef = 735CDB6C28DF42318A4D5F4C /* AFHTTPSessionManager.m */; };
		70A65E29407745C2A4AA7C03 /* AFNetworkReachabilityManager.m in Sources */ = {isa = PBXBuildFile; fileRef = 2790C1ECFF6F4E57B41BE08B /* AFNetworkReachabilityManager.m */; };
		CC4F6D0B6A70438C8BBE538A /* AFSecurityPolicy.m in Sources */ = {isa = PBXBuildFile; fileRef = 8DEAE53723DC41C4B76DD8A8 /* AFSecurityPolicy.m */; };
		C1D77A22E27F480C86869E5F /* AFURLRequestSerialization.m in Sources */ = {isa = PBXBuildFile; fileRef = 1EA22B02C6844EDFA7D8A6B5 /* AFURLRequestSerialization.m */; };
		98F8338BF596430189277699 /* AFURLResponseSerialization.m in Sources */ = {isa = PBXBuildFile; fileRef = 5D66CEEE68074B90BCC46DB4 /* AFURLResponseSerialization.m */; };
		385006066A414DCF9F6CB299 /* AFURLSessionManager.m in Sources */ = {isa = PBXBuildFile; fileRef = BC4E2CAA9EBE4A7A81DC5515 /* AFURLSessionManager.m */; };
		C6B344D224F34A9EA7E4391C /* SDNetworkActivityIndicator.m in Sources */ = {isa = PBXBuildFile; fileRef = D097BC0D33B84B908C89CD81 /* SDNetworkActivityIndicator.m */; };
		C52949F4AC6942C4BD37EEC3 /* Security.framework in Frameworks */ = {isa = PBXBuildFile; fileRef = 9961CE3624224BCAAF070849 /* Security.framework */; };
		9E73D54E16A64AAD8C164336 /* SystemConfiguration.framework in Frameworks */ = {isa = PBXBuildFile; fileRef = 3AC3044034104AFDA4F54777 /* SystemConfiguration.framework */; };
		22C53A2496A94275B940EEC6 /* CDVDevice.m in Sources */ = {isa = PBXBuildFile; fileRef = BF4CC7160626430697DE8DF3 /* CDVDevice.m */; };
		6F51EE5D979048E2823B8BA4 /* CDVIonicKeyboard.m in Sources */ = {isa = PBXBuildFile; fileRef = E11D75B1BE23468893825F32 /* CDVIonicKeyboard.m */; };
		4E8472A86D974733B8850951 /* CDVWKWebViewEngine.m in Sources */ = {isa = PBXBuildFile; fileRef = 60AD2A834906481EBF4BEBA6 /* CDVWKWebViewEngine.m */; };
		BED872CBC2DF46E09B6758D6 /* CDVWKWebViewUIDelegate.m in Sources */ = {isa = PBXBuildFile; fileRef = FC4690B992DF45B1BCE0C368 /* CDVWKWebViewUIDelegate.m */; };
		9CB19DEEC92248F1B573C6DD /* CDVWKProcessPoolFactory.m in Sources */ = {isa = PBXBuildFile; fileRef = C20AB62B956A47A2843595C3 /* CDVWKProcessPoolFactory.m */; };
		078D82217C5E45F2AC16771B /* GCDWebServer.m in Sources */ = {isa = PBXBuildFile; fileRef = 2A840B00AE8F48D3AF2B93B2 /* GCDWebServer.m */; };
		628E35528AE64F309E0DCEC8 /* GCDWebServerConnection.m in Sources */ = {isa = PBXBuildFile; fileRef = B8BF14C2709E4EDEA4C5BD4E /* GCDWebServerConnection.m */; };
		7F7A91C53127489C8B7B4DDA /* GCDWebServerFunctions.m in Sources */ = {isa = PBXBuildFile; fileRef = E01583E172D74A32BB1B35CA /* GCDWebServerFunctions.m */; };
		B3F8565099484BBC9C490702 /* GCDWebServerRequest.m in Sources */ = {isa = PBXBuildFile; fileRef = D0E1AED1EEFB43F8A2FC163C /* GCDWebServerRequest.m */; };
		928659F8DE424256A5719645 /* GCDWebServerResponse.m in Sources */ = {isa = PBXBuildFile; fileRef = 872B1CBC9047403296A7049C /* GCDWebServerResponse.m */; };
		0930754E3CA94C89A32EBD79 /* GCDWebServerDataRequest.m in Sources */ = {isa = PBXBuildFile; fileRef = C5D9CF2EF21C464086E83B40 /* GCDWebServerDataRequest.m */; };
		6FC3AD52D33C454AB65B6F89 /* GCDWebServerFileRequest.m in Sources */ = {isa = PBXBuildFile; fileRef = 8C86E0F6BAB746029D9EE96E /* GCDWebServerFileRequest.m */; };
		C11CD8D3CE2F48589782DD6E /* GCDWebServerMultiPartFormRequest.m in Sources */ = {isa = PBXBuildFile; fileRef = C6CB5D1D7835485289C75CAF /* GCDWebServerMultiPartFormRequest.m */; };
		FB07E8D0D850437997C4EDD5 /* GCDWebServerURLEncodedFormRequest.m in Sources */ = {isa = PBXBuildFile; fileRef = DAA4571547C24B29AC8E37F2 /* GCDWebServerURLEncodedFormRequest.m */; };
		846C0E0EB31542C085098E43 /* GCDWebServerDataResponse.m in Sources */ = {isa = PBXBuildFile; fileRef = 20DD4C99ED56461C95A52B74 /* GCDWebServerDataResponse.m */; };
		20983650E9B9466F9D94489F /* GCDWebServerErrorResponse.m in Sources */ = {isa = PBXBuildFile; fileRef = 1E01AE9B691A47B5B0B0CBE0 /* GCDWebServerErrorResponse.m */; };
		33B6B2CD116B458EBF8E333C /* GCDWebServerFileResponse.m in Sources */ = {isa = PBXBuildFile; fileRef = EDF7051D46234B19AA66D160 /* GCDWebServerFileResponse.m */; };
		5203C54404C74565832E1416 /* GCDWebServerStreamedResponse.m in Sources */ = {isa = PBXBuildFile; fileRef = 9498C2907AD94A5E9EDFCD4E /* GCDWebServerStreamedResponse.m */; };
		ABFDA4E136654DCEAD286625 /* WebKit.framework in Frameworks */ = {isa = PBXBuildFile; fileRef = 7A40B6DB3FFA4C1FB73FD457 /* WebKit.framework */; settings = {ATTRIBUTES = (Weak, ); }; };
		2C788845FB8F452691059D5D /* libz.tbd in Frameworks */ = {isa = PBXBuildFile; fileRef = 8DD1D0D64ADB4117BD7CBABA /* libz.tbd */; };
		517E5D95912E4C51B5BB41D0 /* CDVConnection.m in Sources */ = {isa = PBXBuildFile; fileRef = 194A9A8FDFB04CB3B5F6E34F /* CDVConnection.m */; };
		F5D68B79A6FB49EF81E4F62A /* CDVReachability.m in Sources */ = {isa = PBXBuildFile; fileRef = BE3C1505B79C4569BB649A5A /* CDVReachability.m */; };
		0E46632AAAEC47FE9E63EDF4 /* CoreTelephony.framework in Frameworks */ = {isa = PBXBuildFile; fileRef = 8BDF4237A10A43C59E7DBFBA /* CoreTelephony.framework */; };
		E73F9946D6734B78B29214B8 /* CDVSplashScreen.m in Sources */ = {isa = PBXBuildFile; fileRef = BC1DFFAB838846C4AE519323 /* CDVSplashScreen.m */; };
		9140EC82618A4AA2954B4C20 /* CDVViewController+SplashScreen.m in Sources */ = {isa = PBXBuildFile; fileRef = 00F50C25E6E3438795895143 /* CDVViewController+SplashScreen.m */; };
		0329E55DD2124524A7C9B300 /* CDVStatusBar.m in Sources */ = {isa = PBXBuildFile; fileRef = 71D5B13A742D4266A53A04BD /* CDVStatusBar.m */; };
/* End PBXBuildFile section */

/* Begin PBXContainerItemProxy section */
		301BF534109A57CC0062928A /* PBXContainerItemProxy */ = {
			isa = PBXContainerItemProxy;
			containerPortal = 301BF52D109A57CC0062928A /* CordovaLib.xcodeproj */;
			proxyType = 2;
			remoteGlobalIDString = D2AAC07E0554694100DB518D;
			remoteInfo = CordovaLib;
		};
		301BF550109A68C00062928A /* PBXContainerItemProxy */ = {
			isa = PBXContainerItemProxy;
			containerPortal = 301BF52D109A57CC0062928A /* CordovaLib.xcodeproj */;
			proxyType = 1;
			remoteGlobalIDString = D2AAC07D0554694100DB518D;
			remoteInfo = CordovaLib;
		};
/* End PBXContainerItemProxy section */

/* Begin PBXFileReference section */
		0207DA571B56EA530066E2B4 /* Images.xcassets */ = {isa = PBXFileReference; lastKnownFileType = folder.assetcatalog; name = Images.xcassets; path = "TDC/Images.xcassets"; sourceTree = SOURCE_ROOT; };
		1D3623240D0F684500981E51 /* AppDelegate.h */ = {isa = PBXFileReference; fileEncoding = 4; lastKnownFileType = sourcecode.c.h; path = AppDelegate.h; sourceTree = "<group>"; };
		1D3623250D0F684500981E51 /* AppDelegate.m */ = {isa = PBXFileReference; fileEncoding = 4; lastKnownFileType = sourcecode.c.objc; path = AppDelegate.m; sourceTree = "<group>"; };
		1D6058910D05DD3D006BFB54 /* TDC.app */ = {isa = PBXFileReference; explicitFileType = wrapper.application; includeInIndex = 0; path = "TDC.app"; sourceTree = BUILT_PRODUCTS_DIR; };
		29B97316FDCFA39411CA2CEA /* main.m */ = {isa = PBXFileReference; fileEncoding = 4; lastKnownFileType = sourcecode.c.objc; path = main.m; sourceTree = "<group>"; };
		301BF52D109A57CC0062928A /* CordovaLib.xcodeproj */ = {isa = PBXFileReference; lastKnownFileType = "wrapper.pb-project"; path = CordovaLib/CordovaLib.xcodeproj; sourceTree = "<group>"; };
		301BF56E109A69640062928A /* www */ = {isa = PBXFileReference; lastKnownFileType = folder; path = www; sourceTree = SOURCE_ROOT; };
		302D95EE14D2391D003F00A1 /* MainViewController.h */ = {isa = PBXFileReference; fileEncoding = 4; lastKnownFileType = sourcecode.c.h; path = MainViewController.h; sourceTree = "<group>"; };
		302D95EF14D2391D003F00A1 /* MainViewController.m */ = {isa = PBXFileReference; fileEncoding = 4; lastKnownFileType = sourcecode.c.objc; path = MainViewController.m; sourceTree = "<group>"; };
		302D95F014D2391D003F00A1 /* MainViewController.xib */ = {isa = PBXFileReference; fileEncoding = 4; lastKnownFileType = file.xib; path = MainViewController.xib; sourceTree = "<group>"; };
		3047A50F1AB8059700498E2A /* build-debug.xcconfig */ = {isa = PBXFileReference; fileEncoding = 4; lastKnownFileType = text.xcconfig; name = "build-debug.xcconfig"; path = cordova/build-debug.xcconfig; sourceTree = SOURCE_ROOT; };
		3047A5101AB8059700498E2A /* build-release.xcconfig */ = {isa = PBXFileReference; fileEncoding = 4; lastKnownFileType = text.xcconfig; name = "build-release.xcconfig"; path = cordova/build-release.xcconfig; sourceTree = SOURCE_ROOT; };
		3047A5111AB8059700498E2A /* build.xcconfig */ = {isa = PBXFileReference; fileEncoding = 4; lastKnownFileType = text.xcconfig; name = build.xcconfig; path = cordova/build.xcconfig; sourceTree = SOURCE_ROOT; };
		32CA4F630368D1EE00C91783 /* TDC-Prefix.pch */ = {isa = PBXFileReference; fileEncoding = 4; lastKnownFileType = sourcecode.c.h; path = "TDC-Prefix.pch"; sourceTree = "<group>"; };
		6AFF5BF81D6E424B00AB3073 /* CDVLaunchScreen.storyboard */ = {isa = PBXFileReference; fileEncoding = 4; lastKnownFileType = file.storyboard; name = CDVLaunchScreen.storyboard; path = "TDC/CDVLaunchScreen.storyboard"; sourceTree = SOURCE_ROOT; };
		8D1107310486CEB800E47090 /* TDC-Info.plist */ = {isa = PBXFileReference; fileEncoding = 4; lastKnownFileType = text.plist.xml; name = "TDC-Info.plist"; path = "TDC/TDC-Info.plist"; plistStructureDefinitionIdentifier = "com.apple.xcode.plist.structure-definition.iphone.info-plist"; sourceTree = SOURCE_ROOT; };
		EB87FDF31871DA8E0020F90C /* www */ = {isa = PBXFileReference; lastKnownFileType = folder; name = www; path = ../../www; sourceTree = "<group>"; };
		EB87FDF41871DAF40020F90C /* config.xml */ = {isa = PBXFileReference; lastKnownFileType = text.xml; name = config.xml; path = ../../config.xml; sourceTree = "<group>"; };
		F840E1F0165FE0F500CFE078 /* config.xml */ = {isa = PBXFileReference; lastKnownFileType = text.xml; name = config.xml; path = "TDC/config.xml"; sourceTree = "<group>"; };
		ED33DF2A687741AEAF9F8254 /* Bridging-Header.h */ = {isa = PBXFileReference; fileEncoding = 4; lastKnownFileType = sourcecode.c.h; name = "Bridging-Header.h"; path = "Bridging-Header.h"; sourceTree = "<group>"; };
		0090A63CC8864FB8BD7727B3 /* CDVFile.m */ = {isa = PBXFileReference; name = "CDVFile.m"; path = "cordova-plugin-file/CDVFile.m"; sourceTree = "<group>"; fileEncoding = 4; lastKnownFileType = sourcecode.c.objc; explicitFileType = undefined; includeInIndex = 0; };
		EC2604287B4D449184A5796A /* CDVLocalFilesystem.m */ = {isa = PBXFileReference; name = "CDVLocalFilesystem.m"; path = "cordova-plugin-file/CDVLocalFilesystem.m"; sourceTree = "<group>"; fileEncoding = 4; lastKnownFileType = sourcecode.c.objc; explicitFileType = undefined; includeInIndex = 0; };
		866DF8B12E9C4394A0968FF2 /* CDVAssetLibraryFilesystem.m */ = {isa = PBXFileReference; name = "CDVAssetLibraryFilesystem.m"; path = "cordova-plugin-file/CDVAssetLibraryFilesystem.m"; sourceTree = "<group>"; fileEncoding = 4; lastKnownFileType = sourcecode.c.objc; explicitFileType = undefined; includeInIndex = 0; };
		2655631D5B94474987443BD7 /* CDVFile.h */ = {isa = PBXFileReference; name = "CDVFile.h"; path = "cordova-plugin-file/CDVFile.h"; sourceTree = "<group>"; fileEncoding = 4; lastKnownFileType = sourcecode.c.h; explicitFileType = undefined; includeInIndex = 0; };
		4E2E6668666E4059B645EC31 /* CDVLocalFilesystem.h */ = {isa = PBXFileReference; name = "CDVLocalFilesystem.h"; path = "cordova-plugin-file/CDVLocalFilesystem.h"; sourceTree = "<group>"; fileEncoding = 4; lastKnownFileType = sourcecode.c.h; explicitFileType = undefined; includeInIndex = 0; };
		06F16B4483DD4408AFA46A8D /* CDVAssetLibraryFilesystem.h */ = {isa = PBXFileReference; name = "CDVAssetLibraryFilesystem.h"; path = "cordova-plugin-file/CDVAssetLibraryFilesystem.h"; sourceTree = "<group>"; fileEncoding = 4; lastKnownFileType = sourcecode.c.h; explicitFileType = undefined; includeInIndex = 0; };
		72DCD6B866E44174ADDD6906 /* CordovaHttpPlugin.m */ = {isa = PBXFileReference; name = "CordovaHttpPlugin.m"; path = "cordova-plugin-advanced-http/CordovaHttpPlugin.m"; sourceTree = "<group>"; fileEncoding = 4; lastKnownFileType = sourcecode.c.objc; explicitFileType = undefined; includeInIndex = 0; };
		8927AB8E4AE84DA4A7DCF81A /* TextResponseSerializer.m */ = {isa = PBXFileReference; name = "TextResponseSerializer.m"; path = "cordova-plugin-advanced-http/TextResponseSerializer.m"; sourceTree = "<group>"; fileEncoding = 4; lastKnownFileType = sourcecode.c.objc; explicitFileType = undefined; includeInIndex = 0; };
		332D5741AD494F36BF8288C7 /* TextRequestSerializer.m */ = {isa = PBXFileReference; name = "TextRequestSerializer.m"; path = "cordova-plugin-advanced-http/TextRequestSerializer.m"; sourceTree = "<group>"; fileEncoding = 4; lastKnownFileType = sourcecode.c.objc; explicitFileType = undefined; includeInIndex = 0; };
		735CDB6C28DF42318A4D5F4C /* AFHTTPSessionManager.m */ = {isa = PBXFileReference; name = "AFHTTPSessionManager.m"; path = "cordova-plugin-advanced-http/AFHTTPSessionManager.m"; sourceTree = "<group>"; fileEncoding = 4; lastKnownFileType = sourcecode.c.objc; explicitFileType = undefined; includeInIndex = 0; };
		2790C1ECFF6F4E57B41BE08B /* AFNetworkReachabilityManager.m */ = {isa = PBXFileReference; name = "AFNetworkReachabilityManager.m"; path = "cordova-plugin-advanced-http/AFNetworkReachabilityManager.m"; sourceTree = "<group>"; fileEncoding = 4; lastKnownFileType = sourcecode.c.objc; explicitFileType = undefined; includeInIndex = 0; };
		8DEAE53723DC41C4B76DD8A8 /* AFSecurityPolicy.m */ = {isa = PBXFileReference; name = "AFSecurityPolicy.m"; path = "cordova-plugin-advanced-http/AFSecurityPolicy.m"; sourceTree = "<group>"; fileEncoding = 4; lastKnownFileType = sourcecode.c.objc; explicitFileType = undefined; includeInIndex = 0; };
		1EA22B02C6844EDFA7D8A6B5 /* AFURLRequestSerialization.m */ = {isa = PBXFileReference; name = "AFURLRequestSerialization.m"; path = "cordova-plugin-advanced-http/AFURLRequestSerialization.m"; sourceTree = "<group>"; fileEncoding = 4; lastKnownFileType = sourcecode.c.objc; explicitFileType = undefined; includeInIndex = 0; };
		5D66CEEE68074B90BCC46DB4 /* AFURLResponseSerialization.m */ = {isa = PBXFileReference; name = "AFURLResponseSerialization.m"; path = "cordova-plugin-advanced-http/AFURLResponseSerialization.m"; sourceTree = "<group>"; fileEncoding = 4; lastKnownFileType = sourcecode.c.objc; explicitFileType = undefined; includeInIndex = 0; };
		BC4E2CAA9EBE4A7A81DC5515 /* AFURLSessionManager.m */ = {isa = PBXFileReference; name = "AFURLSessionManager.m"; path = "cordova-plugin-advanced-http/AFURLSessionManager.m"; sourceTree = "<group>"; fileEncoding = 4; lastKnownFileType = sourcecode.c.objc; explicitFileType = undefined; includeInIndex = 0; };
		D097BC0D33B84B908C89CD81 /* SDNetworkActivityIndicator.m */ = {isa = PBXFileReference; name = "SDNetworkActivityIndicator.m"; path = "cordova-plugin-advanced-http/SDNetworkActivityIndicator.m"; sourceTree = "<group>"; fileEncoding = 4; lastKnownFileType = sourcecode.c.objc; explicitFileType = undefined; includeInIndex = 0; };
		AD5CF88B4E08437BA76BCFFE /* CordovaHttpPlugin.h */ = {isa = PBXFileReference; name = "CordovaHttpPlugin.h"; path = "cordova-plugin-advanced-http/CordovaHttpPlugin.h"; sourceTree = "<group>"; fileEncoding = 4; lastKnownFileType = sourcecode.c.h; explicitFileType = undefined; includeInIndex = 0; };
		BACC594858AA484DBF57DC6F /* TextResponseSerializer.h */ = {isa = PBXFileReference; name = "TextResponseSerializer.h"; path = "cordova-plugin-advanced-http/TextResponseSerializer.h"; sourceTree = "<group>"; fileEncoding = 4; lastKnownFileType = sourcecode.c.h; explicitFileType = undefined; includeInIndex = 0; };
		813A392A0C684E90A75D9118 /* TextRequestSerializer.h */ = {isa = PBXFileReference; name = "TextRequestSerializer.h"; path = "cordova-plugin-advanced-http/TextRequestSerializer.h"; sourceTree = "<group>"; fileEncoding = 4; lastKnownFileType = sourcecode.c.h; explicitFileType = undefined; includeInIndex = 0; };
		0B8064F5F85443DA820DF5CD /* AFHTTPSessionManager.h */ = {isa = PBXFileReference; name = "AFHTTPSessionManager.h"; path = "cordova-plugin-advanced-http/AFHTTPSessionManager.h"; sourceTree = "<group>"; fileEncoding = 4; lastKnownFileType = sourcecode.c.h; explicitFileType = undefined; includeInIndex = 0; };
		0CF2AB41F69848EF9E8727B9 /* AFNetworking.h */ = {isa = PBXFileReference; name = "AFNetworking.h"; path = "cordova-plugin-advanced-http/AFNetworking.h"; sourceTree = "<group>"; fileEncoding = 4; lastKnownFileType = sourcecode.c.h; explicitFileType = undefined; includeInIndex = 0; };
		2DD79580BF294790AB485D62 /* AFNetworkReachabilityManager.h */ = {isa = PBXFileReference; name = "AFNetworkReachabilityManager.h"; path = "cordova-plugin-advanced-http/AFNetworkReachabilityManager.h"; sourceTree = "<group>"; fileEncoding = 4; lastKnownFileType = sourcecode.c.h; explicitFileType = undefined; includeInIndex = 0; };
		5020CE8B4BC5430F91647690 /* AFSecurityPolicy.h */ = {isa = PBXFileReference; name = "AFSecurityPolicy.h"; path = "cordova-plugin-advanced-http/AFSecurityPolicy.h"; sourceTree = "<group>"; fileEncoding = 4; lastKnownFileType = sourcecode.c.h; explicitFileType = undefined; includeInIndex = 0; };
		CF7DD06D51C14646A1621CA7 /* AFURLRequestSerialization.h */ = {isa = PBXFileReference; name = "AFURLRequestSerialization.h"; path = "cordova-plugin-advanced-http/AFURLRequestSerialization.h"; sourceTree = "<group>"; fileEncoding = 4; lastKnownFileType = sourcecode.c.h; explicitFileType = undefined; includeInIndex = 0; };
		0A7A03341D2E47A090958790 /* AFURLResponseSerialization.h */ = {isa = PBXFileReference; name = "AFURLResponseSerialization.h"; path = "cordova-plugin-advanced-http/AFURLResponseSerialization.h"; sourceTree = "<group>"; fileEncoding = 4; lastKnownFileType = sourcecode.c.h; explicitFileType = undefined; includeInIndex = 0; };
		26967939D2924C6591B05A88 /* AFURLSessionManager.h */ = {isa = PBXFileReference; name = "AFURLSessionManager.h"; path = "cordova-plugin-advanced-http/AFURLSessionManager.h"; sourceTree = "<group>"; fileEncoding = 4; lastKnownFileType = sourcecode.c.h; explicitFileType = undefined; includeInIndex = 0; };
		76B55439F6304CB59FBE6CD1 /* SDNetworkActivityIndicator.h */ = {isa = PBXFileReference; name = "SDNetworkActivityIndicator.h"; path = "cordova-plugin-advanced-http/SDNetworkActivityIndicator.h"; sourceTree = "<group>"; fileEncoding = 4; lastKnownFileType = sourcecode.c.h; explicitFileType = undefined; includeInIndex = 0; };
		9961CE3624224BCAAF070849 /* Security.framework */ = {isa = PBXFileReference; name = "Security.framework"; path = "System/Library/Frameworks/Security.framework"; sourceTree = SDKROOT; fileEncoding = undefined; lastKnownFileType = wrapper.framework; explicitFileType = undefined; includeInIndex = 0; };
		3AC3044034104AFDA4F54777 /* SystemConfiguration.framework */ = {isa = PBXFileReference; name = "SystemConfiguration.framework"; path = "System/Library/Frameworks/SystemConfiguration.framework"; sourceTree = SDKROOT; fileEncoding = undefined; lastKnownFileType = wrapper.framework; explicitFileType = undefined; includeInIndex = 0; };
		BF4CC7160626430697DE8DF3 /* CDVDevice.m */ = {isa = PBXFileReference; name = "CDVDevice.m"; path = "cordova-plugin-device/CDVDevice.m"; sourceTree = "<group>"; fileEncoding = 4; lastKnownFileType = sourcecode.c.objc; explicitFileType = undefined; includeInIndex = 0; };
		0F39ED8D29F64368B6A840C0 /* CDVDevice.h */ = {isa = PBXFileReference; name = "CDVDevice.h"; path = "cordova-plugin-device/CDVDevice.h"; sourceTree = "<group>"; fileEncoding = 4; lastKnownFileType = sourcecode.c.h; explicitFileType = undefined; includeInIndex = 0; };
		E11D75B1BE23468893825F32 /* CDVIonicKeyboard.m */ = {isa = PBXFileReference; name = "CDVIonicKeyboard.m"; path = "cordova-plugin-ionic-keyboard/CDVIonicKeyboard.m"; sourceTree = "<group>"; fileEncoding = 4; lastKnownFileType = sourcecode.c.objc; explicitFileType = undefined; includeInIndex = 0; };
		66AF28C784D84B69A40B9C87 /* CDVIonicKeyboard.h */ = {isa = PBXFileReference; name = "CDVIonicKeyboard.h"; path = "cordova-plugin-ionic-keyboard/CDVIonicKeyboard.h"; sourceTree = "<group>"; fileEncoding = 4; lastKnownFileType = sourcecode.c.h; explicitFileType = undefined; includeInIndex = 0; };
		60AD2A834906481EBF4BEBA6 /* CDVWKWebViewEngine.m */ = {isa = PBXFileReference; name = "CDVWKWebViewEngine.m"; path = "cordova-plugin-ionic-webview/CDVWKWebViewEngine.m"; sourceTree = "<group>"; fileEncoding = 4; lastKnownFileType = sourcecode.c.objc; explicitFileType = undefined; includeInIndex = 0; };
		FC4690B992DF45B1BCE0C368 /* CDVWKWebViewUIDelegate.m */ = {isa = PBXFileReference; name = "CDVWKWebViewUIDelegate.m"; path = "cordova-plugin-ionic-webview/CDVWKWebViewUIDelegate.m"; sourceTree = "<group>"; fileEncoding = 4; lastKnownFileType = sourcecode.c.objc; explicitFileType = undefined; includeInIndex = 0; };
		C20AB62B956A47A2843595C3 /* CDVWKProcessPoolFactory.m */ = {isa = PBXFileReference; name = "CDVWKProcessPoolFactory.m"; path = "cordova-plugin-ionic-webview/CDVWKProcessPoolFactory.m"; sourceTree = "<group>"; fileEncoding = 4; lastKnownFileType = sourcecode.c.objc; explicitFileType = undefined; includeInIndex = 0; };
		2A840B00AE8F48D3AF2B93B2 /* GCDWebServer.m */ = {isa = PBXFileReference; name = "GCDWebServer.m"; path = "cordova-plugin-ionic-webview/GCDWebServer.m"; sourceTree = "<group>"; fileEncoding = 4; lastKnownFileType = sourcecode.c.objc; explicitFileType = undefined; includeInIndex = 0; };
		B8BF14C2709E4EDEA4C5BD4E /* GCDWebServerConnection.m */ = {isa = PBXFileReference; name = "GCDWebServerConnection.m"; path = "cordova-plugin-ionic-webview/GCDWebServerConnection.m"; sourceTree = "<group>"; fileEncoding = 4; lastKnownFileType = sourcecode.c.objc; explicitFileType = undefined; includeInIndex = 0; };
		E01583E172D74A32BB1B35CA /* GCDWebServerFunctions.m */ = {isa = PBXFileReference; name = "GCDWebServerFunctions.m"; path = "cordova-plugin-ionic-webview/GCDWebServerFunctions.m"; sourceTree = "<group>"; fileEncoding = 4; lastKnownFileType = sourcecode.c.objc; explicitFileType = undefined; includeInIndex = 0; };
		D0E1AED1EEFB43F8A2FC163C /* GCDWebServerRequest.m */ = {isa = PBXFileReference; name = "GCDWebServerRequest.m"; path = "cordova-plugin-ionic-webview/GCDWebServerRequest.m"; sourceTree = "<group>"; fileEncoding = 4; lastKnownFileType = sourcecode.c.objc; explicitFileType = undefined; includeInIndex = 0; };
		872B1CBC9047403296A7049C /* GCDWebServerResponse.m */ = {isa = PBXFileReference; name = "GCDWebServerResponse.m"; path = "cordova-plugin-ionic-webview/GCDWebServerResponse.m"; sourceTree = "<group>"; fileEncoding = 4; lastKnownFileType = sourcecode.c.objc; explicitFileType = undefined; includeInIndex = 0; };
		C5D9CF2EF21C464086E83B40 /* GCDWebServerDataRequest.m */ = {isa = PBXFileReference; name = "GCDWebServerDataRequest.m"; path = "cordova-plugin-ionic-webview/GCDWebServerDataRequest.m"; sourceTree = "<group>"; fileEncoding = 4; lastKnownFileType = sourcecode.c.objc; explicitFileType = undefined; includeInIndex = 0; };
		8C86E0F6BAB746029D9EE96E /* GCDWebServerFileRequest.m */ = {isa = PBXFileReference; name = "GCDWebServerFileRequest.m"; path = "cordova-plugin-ionic-webview/GCDWebServerFileRequest.m"; sourceTree = "<group>"; fileEncoding = 4; lastKnownFileType = sourcecode.c.objc; explicitFileType = undefined; includeInIndex = 0; };
		C6CB5D1D7835485289C75CAF /* GCDWebServerMultiPartFormRequest.m */ = {isa = PBXFileReference; name = "GCDWebServerMultiPartFormRequest.m"; path = "cordova-plugin-ionic-webview/GCDWebServerMultiPartFormRequest.m"; sourceTree = "<group>"; fileEncoding = 4; lastKnownFileType = sourcecode.c.objc; explicitFileType = undefined; includeInIndex = 0; };
		DAA4571547C24B29AC8E37F2 /* GCDWebServerURLEncodedFormRequest.m */ = {isa = PBXFileReference; name = "GCDWebServerURLEncodedFormRequest.m"; path = "cordova-plugin-ionic-webview/GCDWebServerURLEncodedFormRequest.m"; sourceTree = "<group>"; fileEncoding = 4; lastKnownFileType = sourcecode.c.objc; explicitFileType = undefined; includeInIndex = 0; };
		20DD4C99ED56461C95A52B74 /* GCDWebServerDataResponse.m */ = {isa = PBXFileReference; name = "GCDWebServerDataResponse.m"; path = "cordova-plugin-ionic-webview/GCDWebServerDataResponse.m"; sourceTree = "<group>"; fileEncoding = 4; lastKnownFileType = sourcecode.c.objc; explicitFileType = undefined; includeInIndex = 0; };
		1E01AE9B691A47B5B0B0CBE0 /* GCDWebServerErrorResponse.m */ = {isa = PBXFileReference; name = "GCDWebServerErrorResponse.m"; path = "cordova-plugin-ionic-webview/GCDWebServerErrorResponse.m"; sourceTree = "<group>"; fileEncoding = 4; lastKnownFileType = sourcecode.c.objc; explicitFileType = undefined; includeInIndex = 0; };
		EDF7051D46234B19AA66D160 /* GCDWebServerFileResponse.m */ = {isa = PBXFileReference; name = "GCDWebServerFileResponse.m"; path = "cordova-plugin-ionic-webview/GCDWebServerFileResponse.m"; sourceTree = "<group>"; fileEncoding = 4; lastKnownFileType = sourcecode.c.objc; explicitFileType = undefined; includeInIndex = 0; };
		9498C2907AD94A5E9EDFCD4E /* GCDWebServerStreamedResponse.m */ = {isa = PBXFileReference; name = "GCDWebServerStreamedResponse.m"; path = "cordova-plugin-ionic-webview/GCDWebServerStreamedResponse.m"; sourceTree = "<group>"; fileEncoding = 4; lastKnownFileType = sourcecode.c.objc; explicitFileType = undefined; includeInIndex = 0; };
		BEF27E955B67475BA8C620AD /* CDVWKWebViewEngine.h */ = {isa = PBXFileReference; name = "CDVWKWebViewEngine.h"; path = "cordova-plugin-ionic-webview/CDVWKWebViewEngine.h"; sourceTree = "<group>"; fileEncoding = 4; lastKnownFileType = sourcecode.c.h; explicitFileType = undefined; includeInIndex = 0; };
		873E98667C4344BABD60E820 /* CDVWKWebViewUIDelegate.h */ = {isa = PBXFileReference; name = "CDVWKWebViewUIDelegate.h"; path = "cordova-plugin-ionic-webview/CDVWKWebViewUIDelegate.h"; sourceTree = "<group>"; fileEncoding = 4; lastKnownFileType = sourcecode.c.h; explicitFileType = undefined; includeInIndex = 0; };
		44372D315791435F9ECFC01E /* CDVWKProcessPoolFactory.h */ = {isa = PBXFileReference; name = "CDVWKProcessPoolFactory.h"; path = "cordova-plugin-ionic-webview/CDVWKProcessPoolFactory.h"; sourceTree = "<group>"; fileEncoding = 4; lastKnownFileType = sourcecode.c.h; explicitFileType = undefined; includeInIndex = 0; };
		9EE71B95422A44DAA5CACD7E /* GCDWebServer.h */ = {isa = PBXFileReference; name = "GCDWebServer.h"; path = "cordova-plugin-ionic-webview/GCDWebServer.h"; sourceTree = "<group>"; fileEncoding = 4; lastKnownFileType = sourcecode.c.h; explicitFileType = undefined; includeInIndex = 0; };
		F94CFC0CDD90425594BFF70E /* GCDWebServerConnection.h */ = {isa = PBXFileReference; name = "GCDWebServerConnection.h"; path = "cordova-plugin-ionic-webview/GCDWebServerConnection.h"; sourceTree = "<group>"; fileEncoding = 4; lastKnownFileType = sourcecode.c.h; explicitFileType = undefined; includeInIndex = 0; };
		CC2E78F360944D558B768B8F /* GCDWebServerFunctions.h */ = {isa = PBXFileReference; name = "GCDWebServerFunctions.h"; path = "cordova-plugin-ionic-webview/GCDWebServerFunctions.h"; sourceTree = "<group>"; fileEncoding = 4; lastKnownFileType = sourcecode.c.h; explicitFileType = undefined; includeInIndex = 0; };
		69D9C13B3C704FB4A351FA4E /* GCDWebServerHTTPStatusCodes.h */ = {isa = PBXFileReference; name = "GCDWebServerHTTPStatusCodes.h"; path = "cordova-plugin-ionic-webview/GCDWebServerHTTPStatusCodes.h"; sourceTree = "<group>"; fileEncoding = 4; lastKnownFileType = sourcecode.c.h; explicitFileType = undefined; includeInIndex = 0; };
		B5B313D8A71643F0BEEE6459 /* GCDWebServerPrivate.h */ = {isa = PBXFileReference; name = "GCDWebServerPrivate.h"; path = "cordova-plugin-ionic-webview/GCDWebServerPrivate.h"; sourceTree = "<group>"; fileEncoding = 4; lastKnownFileType = sourcecode.c.h; explicitFileType = undefined; includeInIndex = 0; };
		15A1A711B4BF412892715290 /* GCDWebServerRequest.h */ = {isa = PBXFileReference; name = "GCDWebServerRequest.h"; path = "cordova-plugin-ionic-webview/GCDWebServerRequest.h"; sourceTree = "<group>"; fileEncoding = 4; lastKnownFileType = sourcecode.c.h; explicitFileType = undefined; includeInIndex = 0; };
		35359FD7C2DD4C71B9A8EB0D /* GCDWebServerResponse.h */ = {isa = PBXFileReference; name = "GCDWebServerResponse.h"; path = "cordova-plugin-ionic-webview/GCDWebServerResponse.h"; sourceTree = "<group>"; fileEncoding = 4; lastKnownFileType = sourcecode.c.h; explicitFileType = undefined; includeInIndex = 0; };
		90715F4197064DB283DA0BF7 /* GCDWebServerDataRequest.h */ = {isa = PBXFileReference; name = "GCDWebServerDataRequest.h"; path = "cordova-plugin-ionic-webview/GCDWebServerDataRequest.h"; sourceTree = "<group>"; fileEncoding = 4; lastKnownFileType = sourcecode.c.h; explicitFileType = undefined; includeInIndex = 0; };
		1ADA7927974442F0897D68DA /* GCDWebServerFileRequest.h */ = {isa = PBXFileReference; name = "GCDWebServerFileRequest.h"; path = "cordova-plugin-ionic-webview/GCDWebServerFileRequest.h"; sourceTree = "<group>"; fileEncoding = 4; lastKnownFileType = sourcecode.c.h; explicitFileType = undefined; includeInIndex = 0; };
		01FB4943710642ADA9A38C5D /* GCDWebServerMultiPartFormRequest.h */ = {isa = PBXFileReference; name = "GCDWebServerMultiPartFormRequest.h"; path = "cordova-plugin-ionic-webview/GCDWebServerMultiPartFormRequest.h"; sourceTree = "<group>"; fileEncoding = 4; lastKnownFileType = sourcecode.c.h; explicitFileType = undefined; includeInIndex = 0; };
		3C46AF5B08964421B25458E8 /* GCDWebServerURLEncodedFormRequest.h */ = {isa = PBXFileReference; name = "GCDWebServerURLEncodedFormRequest.h"; path = "cordova-plugin-ionic-webview/GCDWebServerURLEncodedFormRequest.h"; sourceTree = "<group>"; fileEncoding = 4; lastKnownFileType = sourcecode.c.h; explicitFileType = undefined; includeInIndex = 0; };
		DA8E9E5C395E4DB1A3BF9578 /* GCDWebServerDataResponse.h */ = {isa = PBXFileReference; name = "GCDWebServerDataResponse.h"; path = "cordova-plugin-ionic-webview/GCDWebServerDataResponse.h"; sourceTree = "<group>"; fileEncoding = 4; lastKnownFileType = sourcecode.c.h; explicitFileType = undefined; includeInIndex = 0; };
		F0B99AB3C088432FBAE1E980 /* GCDWebServerErrorResponse.h */ = {isa = PBXFileReference; name = "GCDWebServerErrorResponse.h"; path = "cordova-plugin-ionic-webview/GCDWebServerErrorResponse.h"; sourceTree = "<group>"; fileEncoding = 4; lastKnownFileType = sourcecode.c.h; explicitFileType = undefined; includeInIndex = 0; };
		6AE267713CBD4A42B21ED98F /* GCDWebServerFileResponse.h */ = {isa = PBXFileReference; name = "GCDWebServerFileResponse.h"; path = "cordova-plugin-ionic-webview/GCDWebServerFileResponse.h"; sourceTree = "<group>"; fileEncoding = 4; lastKnownFileType = sourcecode.c.h; explicitFileType = undefined; includeInIndex = 0; };
		134A0B6083164176AD7DB1B4 /* GCDWebServerStreamedResponse.h */ = {isa = PBXFileReference; name = "GCDWebServerStreamedResponse.h"; path = "cordova-plugin-ionic-webview/GCDWebServerStreamedResponse.h"; sourceTree = "<group>"; fileEncoding = 4; lastKnownFileType = sourcecode.c.h; explicitFileType = undefined; includeInIndex = 0; };
		7A40B6DB3FFA4C1FB73FD457 /* WebKit.framework */ = {isa = PBXFileReference; name = "WebKit.framework"; path = "System/Library/Frameworks/WebKit.framework"; sourceTree = SDKROOT; fileEncoding = undefined; lastKnownFileType = wrapper.framework; explicitFileType = undefined; includeInIndex = 0; };
		8DD1D0D64ADB4117BD7CBABA /* libz.tbd */ = {isa = PBXFileReference; name = "libz.tbd"; path = "usr/lib/libz.tbd"; sourceTree = SDKROOT; fileEncoding = undefined; lastKnownFileType = sourcecode.text-based-dylib-definition; explicitFileType = undefined; includeInIndex = 0; };
		194A9A8FDFB04CB3B5F6E34F /* CDVConnection.m */ = {isa = PBXFileReference; name = "CDVConnection.m"; path = "cordova-plugin-network-information/CDVConnection.m"; sourceTree = "<group>"; fileEncoding = 4; lastKnownFileType = sourcecode.c.objc; explicitFileType = undefined; includeInIndex = 0; };
		BE3C1505B79C4569BB649A5A /* CDVReachability.m */ = {isa = PBXFileReference; name = "CDVReachability.m"; path = "cordova-plugin-network-information/CDVReachability.m"; sourceTree = "<group>"; fileEncoding = 4; lastKnownFileType = sourcecode.c.objc; explicitFileType = undefined; includeInIndex = 0; };
		EBAF2AD5BCB84DF59E21ACA7 /* CDVConnection.h */ = {isa = PBXFileReference; name = "CDVConnection.h"; path = "cordova-plugin-network-information/CDVConnection.h"; sourceTree = "<group>"; fileEncoding = 4; lastKnownFileType = sourcecode.c.h; explicitFileType = undefined; includeInIndex = 0; };
		FCA18A4980F54B9DB292A3B8 /* CDVReachability.h */ = {isa = PBXFileReference; name = "CDVReachability.h"; path = "cordova-plugin-network-information/CDVReachability.h"; sourceTree = "<group>"; fileEncoding = 4; lastKnownFileType = sourcecode.c.h; explicitFileType = undefined; includeInIndex = 0; };
		8BDF4237A10A43C59E7DBFBA /* CoreTelephony.framework */ = {isa = PBXFileReference; name = "CoreTelephony.framework"; path = "System/Library/Frameworks/CoreTelephony.framework"; sourceTree = SDKROOT; fileEncoding = undefined; lastKnownFileType = wrapper.framework; explicitFileType = undefined; includeInIndex = 0; };
		BC1DFFAB838846C4AE519323 /* CDVSplashScreen.m */ = {isa = PBXFileReference; name = "CDVSplashScreen.m"; path = "cordova-plugin-splashscreen/CDVSplashScreen.m"; sourceTree = "<group>"; fileEncoding = 4; lastKnownFileType = sourcecode.c.objc; explicitFileType = undefined; includeInIndex = 0; };
		00F50C25E6E3438795895143 /* CDVViewController+SplashScreen.m */ = {isa = PBXFileReference; name = "CDVViewController+SplashScreen.m"; path = "cordova-plugin-splashscreen/CDVViewController+SplashScreen.m"; sourceTree = "<group>"; fileEncoding = 4; lastKnownFileType = sourcecode.c.objc; explicitFileType = undefined; includeInIndex = 0; };
		0B92C65717B14014807E2E1B /* CDVSplashScreen.h */ = {isa = PBXFileReference; name = "CDVSplashScreen.h"; path = "cordova-plugin-splashscreen/CDVSplashScreen.h"; sourceTree = "<group>"; fileEncoding = 4; lastKnownFileType = sourcecode.c.h; explicitFileType = undefined; includeInIndex = 0; };
		485A3B52254347E88F6A2310 /* CDVViewController+SplashScreen.h */ = {isa = PBXFileReference; name = "CDVViewController+SplashScreen.h"; path = "cordova-plugin-splashscreen/CDVViewController+SplashScreen.h"; sourceTree = "<group>"; fileEncoding = 4; lastKnownFileType = sourcecode.c.h; explicitFileType = undefined; includeInIndex = 0; };
		71D5B13A742D4266A53A04BD /* CDVStatusBar.m */ = {isa = PBXFileReference; name = "CDVStatusBar.m"; path = "cordova-plugin-statusbar/CDVStatusBar.m"; sourceTree = "<group>"; fileEncoding = 4; lastKnownFileType = sourcecode.c.objc; explicitFileType = undefined; includeInIndex = 0; };
		C8C12BB4E49041549F13181B /* CDVStatusBar.h */ = {isa = PBXFileReference; name = "CDVStatusBar.h"; path = "cordova-plugin-statusbar/CDVStatusBar.h"; sourceTree = "<group>"; fileEncoding = 4; lastKnownFileType = sourcecode.c.h; explicitFileType = undefined; includeInIndex = 0; };
/* End PBXFileReference section */

/* Begin PBXFrameworksBuildPhase section */
		1D60588F0D05DD3D006BFB54 /* Frameworks */ = {
			isa = PBXFrameworksBuildPhase;
			buildActionMask = 2147483647;
			files = (
				301BF552109A68D80062928A /* libCordova.a in Frameworks */,
				C52949F4AC6942C4BD37EEC3 /* Security.framework in Frameworks */,
				9E73D54E16A64AAD8C164336 /* SystemConfiguration.framework in Frameworks */,
				ABFDA4E136654DCEAD286625 /* WebKit.framework in Frameworks */,
				2C788845FB8F452691059D5D /* libz.tbd in Frameworks */,
				0E46632AAAEC47FE9E63EDF4 /* CoreTelephony.framework in Frameworks */,
			);
			runOnlyForDeploymentPostprocessing = 0;
		};
/* End PBXFrameworksBuildPhase section */

/* Begin PBXGroup section */
		080E96DDFE201D6D7F000001 /* Classes */ = {
			isa = PBXGroup;
			children = (
				302D95EE14D2391D003F00A1 /* MainViewController.h */,
				302D95EF14D2391D003F00A1 /* MainViewController.m */,
				302D95F014D2391D003F00A1 /* MainViewController.xib */,
				1D3623240D0F684500981E51 /* AppDelegate.h */,
				1D3623250D0F684500981E51 /* AppDelegate.m */,
			);
			name = Classes;
			path = "TDC/Classes";
			sourceTree = SOURCE_ROOT;
		};
		19C28FACFE9D520D11CA2CBB /* Products */ = {
			isa = PBXGroup;
			children = (
				1D6058910D05DD3D006BFB54 /* TDC.app */,
			);
			name = Products;
			sourceTree = "<group>";
		};
		29B97314FDCFA39411CA2CEA /* CustomTemplate */ = {
			isa = PBXGroup;
			children = (
				EB87FDF41871DAF40020F90C /* config.xml */,
				EB87FDF31871DA8E0020F90C /* www */,
				EB87FDF11871DA420020F90C /* Staging */,
				301BF52D109A57CC0062928A /* CordovaLib.xcodeproj */,
				080E96DDFE201D6D7F000001 /* Classes */,
				307C750510C5A3420062BCA9 /* Plugins */,
				29B97315FDCFA39411CA2CEA /* Other Sources */,
				29B97317FDCFA39411CA2CEA /* Resources */,
				29B97323FDCFA39411CA2CEA /* Frameworks */,
				19C28FACFE9D520D11CA2CBB /* Products */,
			);
			name = CustomTemplate;
			sourceTree = "<group>";
		};
		29B97315FDCFA39411CA2CEA /* Other Sources */ = {
			isa = PBXGroup;
			children = (
				32CA4F630368D1EE00C91783 /* TDC-Prefix.pch */,
				29B97316FDCFA39411CA2CEA /* main.m */,
				ED33DF2A687741AEAF9F8254 /* Bridging-Header.h */,
			);
			name = "Other Sources";
			path = "TDC";
			sourceTree = "<group>";
		};
		29B97317FDCFA39411CA2CEA /* Resources */ = {
			isa = PBXGroup;
			children = (
				0207DA571B56EA530066E2B4 /* Images.xcassets */,
				3047A50E1AB8057F00498E2A /* config */,
				8D1107310486CEB800E47090 /* TDC-Info.plist */,
				6AFF5BF81D6E424B00AB3073 /* CDVLaunchScreen.storyboard */,
			);
			name = Resources;
			path = "TDC/Resources";
			sourceTree = "<group>";
		};
		29B97323FDCFA39411CA2CEA /* Frameworks */ = {
			isa = PBXGroup;
			children = (
				9961CE3624224BCAAF070849 /* Security.framework */,
				3AC3044034104AFDA4F54777 /* SystemConfiguration.framework */,
				7A40B6DB3FFA4C1FB73FD457 /* WebKit.framework */,
				8DD1D0D64ADB4117BD7CBABA /* libz.tbd */,
				8BDF4237A10A43C59E7DBFBA /* CoreTelephony.framework */,
			);
			name = Frameworks;
			sourceTree = "<group>";
		};
		301BF52E109A57CC0062928A /* Products */ = {
			isa = PBXGroup;
			children = (
				301BF535109A57CC0062928A /* libCordova.a */,
			);
			name = Products;
			sourceTree = "<group>";
		};
		3047A50E1AB8057F00498E2A /* config */ = {
			isa = PBXGroup;
			children = (
				3047A50F1AB8059700498E2A /* build-debug.xcconfig */,
				3047A5101AB8059700498E2A /* build-release.xcconfig */,
				3047A5111AB8059700498E2A /* build.xcconfig */,
			);
			name = config;
			sourceTree = "<group>";
		};
		307C750510C5A3420062BCA9 /* Plugins */ = {
			isa = PBXGroup;
			children = (
				0090A63CC8864FB8BD7727B3 /* CDVFile.m */,
				EC2604287B4D449184A5796A /* CDVLocalFilesystem.m */,
				866DF8B12E9C4394A0968FF2 /* CDVAssetLibraryFilesystem.m */,
				2655631D5B94474987443BD7 /* CDVFile.h */,
				4E2E6668666E4059B645EC31 /* CDVLocalFilesystem.h */,
				06F16B4483DD4408AFA46A8D /* CDVAssetLibraryFilesystem.h */,
				72DCD6B866E44174ADDD6906 /* CordovaHttpPlugin.m */,
				8927AB8E4AE84DA4A7DCF81A /* TextResponseSerializer.m */,
				332D5741AD494F36BF8288C7 /* TextRequestSerializer.m */,
				735CDB6C28DF42318A4D5F4C /* AFHTTPSessionManager.m */,
				2790C1ECFF6F4E57B41BE08B /* AFNetworkReachabilityManager.m */,
				8DEAE53723DC41C4B76DD8A8 /* AFSecurityPolicy.m */,
				1EA22B02C6844EDFA7D8A6B5 /* AFURLRequestSerialization.m */,
				5D66CEEE68074B90BCC46DB4 /* AFURLResponseSerialization.m */,
				BC4E2CAA9EBE4A7A81DC5515 /* AFURLSessionManager.m */,
				D097BC0D33B84B908C89CD81 /* SDNetworkActivityIndicator.m */,
				AD5CF88B4E08437BA76BCFFE /* CordovaHttpPlugin.h */,
				BACC594858AA484DBF57DC6F /* TextResponseSerializer.h */,
				813A392A0C684E90A75D9118 /* TextRequestSerializer.h */,
				0B8064F5F85443DA820DF5CD /* AFHTTPSessionManager.h */,
				0CF2AB41F69848EF9E8727B9 /* AFNetworking.h */,
				2DD79580BF294790AB485D62 /* AFNetworkReachabilityManager.h */,
				5020CE8B4BC5430F91647690 /* AFSecurityPolicy.h */,
				CF7DD06D51C14646A1621CA7 /* AFURLRequestSerialization.h */,
				0A7A03341D2E47A090958790 /* AFURLResponseSerialization.h */,
				26967939D2924C6591B05A88 /* AFURLSessionManager.h */,
				76B55439F6304CB59FBE6CD1 /* SDNetworkActivityIndicator.h */,
				BF4CC7160626430697DE8DF3 /* CDVDevice.m */,
				0F39ED8D29F64368B6A840C0 /* CDVDevice.h */,
				E11D75B1BE23468893825F32 /* CDVIonicKeyboard.m */,
				66AF28C784D84B69A40B9C87 /* CDVIonicKeyboard.h */,
				60AD2A834906481EBF4BEBA6 /* CDVWKWebViewEngine.m */,
				FC4690B992DF45B1BCE0C368 /* CDVWKWebViewUIDelegate.m */,
				C20AB62B956A47A2843595C3 /* CDVWKProcessPoolFactory.m */,
				2A840B00AE8F48D3AF2B93B2 /* GCDWebServer.m */,
				B8BF14C2709E4EDEA4C5BD4E /* GCDWebServerConnection.m */,
				E01583E172D74A32BB1B35CA /* GCDWebServerFunctions.m */,
				D0E1AED1EEFB43F8A2FC163C /* GCDWebServerRequest.m */,
				872B1CBC9047403296A7049C /* GCDWebServerResponse.m */,
				C5D9CF2EF21C464086E83B40 /* GCDWebServerDataRequest.m */,
				8C86E0F6BAB746029D9EE96E /* GCDWebServerFileRequest.m */,
				C6CB5D1D7835485289C75CAF /* GCDWebServerMultiPartFormRequest.m */,
				DAA4571547C24B29AC8E37F2 /* GCDWebServerURLEncodedFormRequest.m */,
				20DD4C99ED56461C95A52B74 /* GCDWebServerDataResponse.m */,
				1E01AE9B691A47B5B0B0CBE0 /* GCDWebServerErrorResponse.m */,
				EDF7051D46234B19AA66D160 /* GCDWebServerFileResponse.m */,
				9498C2907AD94A5E9EDFCD4E /* GCDWebServerStreamedResponse.m */,
				BEF27E955B67475BA8C620AD /* CDVWKWebViewEngine.h */,
				873E98667C4344BABD60E820 /* CDVWKWebViewUIDelegate.h */,
				44372D315791435F9ECFC01E /* CDVWKProcessPoolFactory.h */,
				9EE71B95422A44DAA5CACD7E /* GCDWebServer.h */,
				F94CFC0CDD90425594BFF70E /* GCDWebServerConnection.h */,
				CC2E78F360944D558B768B8F /* GCDWebServerFunctions.h */,
				69D9C13B3C704FB4A351FA4E /* GCDWebServerHTTPStatusCodes.h */,
				B5B313D8A71643F0BEEE6459 /* GCDWebServerPrivate.h */,
				15A1A711B4BF412892715290 /* GCDWebServerRequest.h */,
				35359FD7C2DD4C71B9A8EB0D /* GCDWebServerResponse.h */,
				90715F4197064DB283DA0BF7 /* GCDWebServerDataRequest.h */,
				1ADA7927974442F0897D68DA /* GCDWebServerFileRequest.h */,
				01FB4943710642ADA9A38C5D /* GCDWebServerMultiPartFormRequest.h */,
				3C46AF5B08964421B25458E8 /* GCDWebServerURLEncodedFormRequest.h */,
				DA8E9E5C395E4DB1A3BF9578 /* GCDWebServerDataResponse.h */,
				F0B99AB3C088432FBAE1E980 /* GCDWebServerErrorResponse.h */,
				6AE267713CBD4A42B21ED98F /* GCDWebServerFileResponse.h */,
				134A0B6083164176AD7DB1B4 /* GCDWebServerStreamedResponse.h */,
				194A9A8FDFB04CB3B5F6E34F /* CDVConnection.m */,
				BE3C1505B79C4569BB649A5A /* CDVReachability.m */,
				EBAF2AD5BCB84DF59E21ACA7 /* CDVConnection.h */,
				FCA18A4980F54B9DB292A3B8 /* CDVReachability.h */,
				BC1DFFAB838846C4AE519323 /* CDVSplashScreen.m */,
				00F50C25E6E3438795895143 /* CDVViewController+SplashScreen.m */,
				0B92C65717B14014807E2E1B /* CDVSplashScreen.h */,
				485A3B52254347E88F6A2310 /* CDVViewController+SplashScreen.h */,
				71D5B13A742D4266A53A04BD /* CDVStatusBar.m */,
				C8C12BB4E49041549F13181B /* CDVStatusBar.h */,
			);
			name = Plugins;
			path = "TDC/Plugins";
			sourceTree = SOURCE_ROOT;
		};
		EB87FDF11871DA420020F90C /* Staging */ = {
			isa = PBXGroup;
			children = (
				F840E1F0165FE0F500CFE078 /* config.xml */,
				301BF56E109A69640062928A /* www */,
			);
			name = Staging;
			sourceTree = "<group>";
		};
/* End PBXGroup section */

/* Begin PBXNativeTarget section */
		1D6058900D05DD3D006BFB54 /* TDC */ = {
			isa = PBXNativeTarget;
			buildConfigurationList = 1D6058960D05DD3E006BFB54 /* Build configuration list for PBXNativeTarget "TDC" */;
			buildPhases = (
				304B58A110DAC018002A0835 /* Copy www directory */,
				1D60588D0D05DD3D006BFB54 /* Resources */,
				1D60588E0D05DD3D006BFB54 /* Sources */,
				1D60588F0D05DD3D006BFB54 /* Frameworks */,
			);
			buildRules = (
			);
			dependencies = (
				301BF551109A68C00062928A /* PBXTargetDependency */,
			);
			name = "TDC";
			productName = "TDC";
			productReference = 1D6058910D05DD3D006BFB54 /* TDC.app */;
			productType = "com.apple.product-type.application";
		};
/* End PBXNativeTarget section */

/* Begin PBXProject section */
		29B97313FDCFA39411CA2CEA /* Project object */ = {
			isa = PBXProject;
			attributes = {
				LastUpgradeCheck = 510;
			};
			buildConfigurationList = C01FCF4E08A954540054247B /* Build configuration list for PBXProject "__NON-CLI__" */;
			compatibilityVersion = "Xcode 3.2";
			developmentRegion = English;
			hasScannedForEncodings = 1;
			mainGroup = 29B97314FDCFA39411CA2CEA /* CustomTemplate */;
			projectDirPath = "";
			projectReferences = (
				{
					ProductGroup = 301BF52E109A57CC0062928A /* Products */;
					ProjectRef = 301BF52D109A57CC0062928A /* CordovaLib.xcodeproj */;
				},
			);
			projectRoot = "";
			targets = (
				1D6058900D05DD3D006BFB54 /* TDC */,
			);
		};
/* End PBXProject section */

/* Begin PBXReferenceProxy section */
		301BF535109A57CC0062928A /* libCordova.a */ = {
			isa = PBXReferenceProxy;
			fileType = archive.ar;
			path = libCordova.a;
			remoteRef = 301BF534109A57CC0062928A /* PBXContainerItemProxy */;
			sourceTree = BUILT_PRODUCTS_DIR;
		};
/* End PBXReferenceProxy section */

/* Begin PBXResourcesBuildPhase section */
		1D60588D0D05DD3D006BFB54 /* Resources */ = {
			isa = PBXResourcesBuildPhase;
			buildActionMask = 2147483647;
			files = (
				302D95F214D2391D003F00A1 /* MainViewController.xib in Resources */,
				0207DA581B56EA530066E2B4 /* Images.xcassets in Resources */,
				6AFF5BF91D6E424B00AB3073 /* CDVLaunchScreen.storyboard in Resources */,
			);
			runOnlyForDeploymentPostprocessing = 0;
		};
/* End PBXResourcesBuildPhase section */

/* Begin PBXShellScriptBuildPhase section */
		304B58A110DAC018002A0835 /* Copy www directory */ = {
			isa = PBXShellScriptBuildPhase;
			buildActionMask = 2147483647;
			files = (
			);
			inputPaths = (
			);
			name = "Copy www directory";
			outputPaths = (
			);
			runOnlyForDeploymentPostprocessing = 0;
			shellPath = /bin/sh;
			shellScript = "NODEJS_PATH=/usr/local/bin; NVM_NODE_PATH=~/.nvm/versions/node/`nvm version 2>/dev/null`/bin; N_NODE_PATH=`find /usr/local/n/versions/node/* -maxdepth 0 -type d 2>/dev/null | tail -1`/bin; XCODE_NODE_PATH=`xcode-select --print-path`/usr/share/xcs/Node/bin; PATH=$NODEJS_PATH:$NVM_NODE_PATH:$N_NODE_PATH:$XCODE_NODE_PATH:$PATH && node cordova/lib/copy-www-build-step.js";
			showEnvVarsInLog = 0;
		};
/* End PBXShellScriptBuildPhase section */

/* Begin PBXSourcesBuildPhase section */
		1D60588E0D05DD3D006BFB54 /* Sources */ = {
			isa = PBXSourcesBuildPhase;
			buildActionMask = 2147483647;
			files = (
				1D60589B0D05DD56006BFB54 /* main.m in Sources */,
				1D3623260D0F684500981E51 /* AppDelegate.m in Sources */,
				302D95F114D2391D003F00A1 /* MainViewController.m in Sources */,
				D3FAB1163F2E49FEB1854D40 /* CDVFile.m in Sources */,
				BFB92828CD3C48CEB114C7C4 /* CDVLocalFilesystem.m in Sources */,
				0EDAF9AB5A96441BB053A511 /* CDVAssetLibraryFilesystem.m in Sources */,
				77A0A821946F4C4FB7D18766 /* CordovaHttpPlugin.m in Sources */,
				430FA79EDF514853A67319CD /* TextResponseSerializer.m in Sources */,
				AD654BAFC2A04F97986A82E8 /* TextRequestSerializer.m in Sources */,
				96796CFF30C141B38440AA91 /* AFHTTPSessionManager.m in Sources */,
				70A65E29407745C2A4AA7C03 /* AFNetworkReachabilityManager.m in Sources */,
				CC4F6D0B6A70438C8BBE538A /* AFSecurityPolicy.m in Sources */,
				C1D77A22E27F480C86869E5F /* AFURLRequestSerialization.m in Sources */,
				98F8338BF596430189277699 /* AFURLResponseSerialization.m in Sources */,
				385006066A414DCF9F6CB299 /* AFURLSessionManager.m in Sources */,
				C6B344D224F34A9EA7E4391C /* SDNetworkActivityIndicator.m in Sources */,
				22C53A2496A94275B940EEC6 /* CDVDevice.m in Sources */,
				6F51EE5D979048E2823B8BA4 /* CDVIonicKeyboard.m in Sources */,
				4E8472A86D974733B8850951 /* CDVWKWebViewEngine.m in Sources */,
				BED872CBC2DF46E09B6758D6 /* CDVWKWebViewUIDelegate.m in Sources */,
				9CB19DEEC92248F1B573C6DD /* CDVWKProcessPoolFactory.m in Sources */,
				078D82217C5E45F2AC16771B /* GCDWebServer.m in Sources */,
				628E35528AE64F309E0DCEC8 /* GCDWebServerConnection.m in Sources */,
				7F7A91C53127489C8B7B4DDA /* GCDWebServerFunctions.m in Sources */,
				B3F8565099484BBC9C490702 /* GCDWebServerRequest.m in Sources */,
				928659F8DE424256A5719645 /* GCDWebServerResponse.m in Sources */,
				0930754E3CA94C89A32EBD79 /* GCDWebServerDataRequest.m in Sources */,
				6FC3AD52D33C454AB65B6F89 /* GCDWebServerFileRequest.m in Sources */,
				C11CD8D3CE2F48589782DD6E /* GCDWebServerMultiPartFormRequest.m in Sources */,
				FB07E8D0D850437997C4EDD5 /* GCDWebServerURLEncodedFormRequest.m in Sources */,
				846C0E0EB31542C085098E43 /* GCDWebServerDataResponse.m in Sources */,
				20983650E9B9466F9D94489F /* GCDWebServerErrorResponse.m in Sources */,
				33B6B2CD116B458EBF8E333C /* GCDWebServerFileResponse.m in Sources */,
				5203C54404C74565832E1416 /* GCDWebServerStreamedResponse.m in Sources */,
				517E5D95912E4C51B5BB41D0 /* CDVConnection.m in Sources */,
				F5D68B79A6FB49EF81E4F62A /* CDVReachability.m in Sources */,
				E73F9946D6734B78B29214B8 /* CDVSplashScreen.m in Sources */,
				9140EC82618A4AA2954B4C20 /* CDVViewController+SplashScreen.m in Sources */,
				0329E55DD2124524A7C9B300 /* CDVStatusBar.m in Sources */,
			);
			runOnlyForDeploymentPostprocessing = 0;
		};
/* End PBXSourcesBuildPhase section */

/* Begin PBXTargetDependency section */
		301BF551109A68C00062928A /* PBXTargetDependency */ = {
			isa = PBXTargetDependency;
			name = CordovaLib;
			targetProxy = 301BF550109A68C00062928A /* PBXContainerItemProxy */;
		};
/* End PBXTargetDependency section */

/* Begin XCBuildConfiguration section */
		1D6058940D05DD3E006BFB54 /* Debug */ = {
			isa = XCBuildConfiguration;
			baseConfigurationReference = 3047A50F1AB8059700498E2A /* build-debug.xcconfig */;
			buildSettings = {
				ALWAYS_SEARCH_USER_PATHS = NO;
				ASSETCATALOG_COMPILER_APPICON_NAME = AppIcon;
				ASSETCATALOG_COMPILER_LAUNCHIMAGE_NAME = LaunchImage;
				CLANG_ENABLE_MODULES = YES;
				CLANG_ENABLE_OBJC_ARC = YES;
				COPY_PHASE_STRIP = NO;
				GCC_DYNAMIC_NO_PIC = NO;
				GCC_OPTIMIZATION_LEVEL = 0;
				GCC_PRECOMPILE_PREFIX_HEADER = YES;
				GCC_PREFIX_HEADER = "TDC/TDC-Prefix.pch";
				GCC_THUMB_SUPPORT = NO;
				GCC_VERSION = "";
				INFOPLIST_FILE = "TDC/TDC-Info.plist";
				IPHONEOS_DEPLOYMENT_TARGET = 9.0;
				LD_RUNPATH_SEARCH_PATHS = "@executable_path/Frameworks";
				TARGETED_DEVICE_FAMILY = "1,2";
				PRODUCT_NAME = "TDC";
			};
			name = Debug;
		};
		1D6058950D05DD3E006BFB54 /* Release */ = {
			isa = XCBuildConfiguration;
			baseConfigurationReference = 3047A5101AB8059700498E2A /* build-release.xcconfig */;
			buildSettings = {
				ALWAYS_SEARCH_USER_PATHS = NO;
				ASSETCATALOG_COMPILER_APPICON_NAME = AppIcon;
				ASSETCATALOG_COMPILER_LAUNCHIMAGE_NAME = LaunchImage;
				CLANG_ENABLE_MODULES = YES;
				CLANG_ENABLE_OBJC_ARC = YES;
				COPY_PHASE_STRIP = YES;
				GCC_PRECOMPILE_PREFIX_HEADER = YES;
				GCC_PREFIX_HEADER = "TDC/TDC-Prefix.pch";
				GCC_THUMB_SUPPORT = NO;
				GCC_VERSION = "";
				INFOPLIST_FILE = "TDC/TDC-Info.plist";
				IPHONEOS_DEPLOYMENT_TARGET = 9.0;
				LD_RUNPATH_SEARCH_PATHS = "@executable_path/Frameworks";
				TARGETED_DEVICE_FAMILY = "1,2";
				PRODUCT_NAME = "TDC";
			};
			name = Release;
		};
		C01FCF4F08A954540054247B /* Debug */ = {
			isa = XCBuildConfiguration;
			baseConfigurationReference = 3047A5111AB8059700498E2A /* build.xcconfig */;
			buildSettings = {
				CLANG_ENABLE_MODULES = YES;
				CLANG_ENABLE_OBJC_ARC = YES;
				CLANG_WARN_BOOL_CONVERSION = YES;
				CLANG_WARN_CONSTANT_CONVERSION = YES;
				CLANG_WARN_EMPTY_BODY = YES;
				CLANG_WARN_ENUM_CONVERSION = YES;
				CLANG_WARN_INT_CONVERSION = YES;
				CLANG_WARN__DUPLICATE_METHOD_MATCH = YES;
				GCC_C_LANGUAGE_STANDARD = c99;
				GCC_THUMB_SUPPORT = NO;
				GCC_VERSION = "";
				GCC_WARN_ABOUT_RETURN_TYPE = YES;
				GCC_WARN_UNDECLARED_SELECTOR = YES;
				GCC_WARN_UNINITIALIZED_AUTOS = YES;
				GCC_WARN_UNUSED_FUNCTION = YES;
				GCC_WARN_UNUSED_VARIABLE = YES;
				ONLY_ACTIVE_ARCH = YES;
				SDKROOT = iphoneos;
				SKIP_INSTALL = NO;
			};
			name = Debug;
		};
		C01FCF5008A954540054247B /* Release */ = {
			isa = XCBuildConfiguration;
			baseConfigurationReference = 3047A5111AB8059700498E2A /* build.xcconfig */;
			buildSettings = {
				CLANG_ENABLE_MODULES = YES;
				CLANG_ENABLE_OBJC_ARC = YES;
				CLANG_WARN_BOOL_CONVERSION = YES;
				CLANG_WARN_CONSTANT_CONVERSION = YES;
				CLANG_WARN_EMPTY_BODY = YES;
				CLANG_WARN_ENUM_CONVERSION = YES;
				CLANG_WARN_INT_CONVERSION = YES;
				CLANG_WARN__DUPLICATE_METHOD_MATCH = YES;
				GCC_C_LANGUAGE_STANDARD = c99;
				GCC_THUMB_SUPPORT = NO;
				GCC_VERSION = "";
				GCC_WARN_ABOUT_RETURN_TYPE = YES;
				GCC_WARN_UNDECLARED_SELECTOR = YES;
				GCC_WARN_UNINITIALIZED_AUTOS = YES;
				GCC_WARN_UNUSED_FUNCTION = YES;
				GCC_WARN_UNUSED_VARIABLE = YES;
				SDKROOT = iphoneos;
				SKIP_INSTALL = NO;
			};
			name = Release;
		};
/* End XCBuildConfiguration section */

/* Begin XCConfigurationList section */
		1D6058960D05DD3E006BFB54 /* Build configuration list for PBXNativeTarget "TDC" */ = {
			isa = XCConfigurationList;
			buildConfigurations = (
				1D6058940D05DD3E006BFB54 /* Debug */,
				1D6058950D05DD3E006BFB54 /* Release */,
			);
			defaultConfigurationIsVisible = 0;
			defaultConfigurationName = Release;
		};
		C01FCF4E08A954540054247B /* Build configuration list for PBXProject "__NON-CLI__" */ = {
			isa = XCConfigurationList;
			buildConfigurations = (
				C01FCF4F08A954540054247B /* Debug */,
				C01FCF5008A954540054247B /* Release */,
			);
			defaultConfigurationIsVisible = 0;
			defaultConfigurationName = Release;
		};
/* End XCConfigurationList section */
	};
	rootObject = 29B97313FDCFA39411CA2CEA /* Project object */;
}
